
Microsoft Visual Studio Solution File, Format Version 12.00
# Visual Studio Version 16
VisualStudioVersion = 16.0.30503.244
MinimumVisualStudioVersion = 10.0.40219.1
Project("{FAE04EC0-301F-11D3-BF4B-00C04F79EFBC}") = "InterfaceTypes", "InterfaceTypes\InterfaceTypes.csproj", "{0E7DB56D-33B9-4558-80D0-8B10FD8EFB7A}"
EndProject
Global
	GlobalSection(SolutionConfigurationPlatforms) = preSolution
		Debug|Any CPU = Debug|Any CPU
		Release|Any CPU = Release|Any CPU
	EndGlobalSection
	GlobalSection(ProjectConfigurationPlatforms) = postSolution
		{0E7DB56D-33B9-4558-80D0-8B10FD8EFB7A}.Debug|Any CPU.ActiveCfg = Debug|Any CPU
		{0E7DB56D-33B9-4558-80D0-8B10FD8EFB7A}.Debug|Any CPU.Build.0 = Debug|Any CPU
		{0E7DB56D-33B9-4558-80D0-8B10FD8EFB7A}.Release|Any CPU.ActiveCfg = Release|Any CPU
		{0E7DB56D-33B9-4558-80D0-8B10FD8EFB7A}.Release|Any CPU.Build.0 = Release|Any CPU
	EndGlobalSection
	GlobalSection(SolutionProperties) = preSolution
		HideSolutionNode = FALSE
	EndGlobalSection
	GlobalSection(ExtensibilityGlobals) = postSolution
		SolutionGuid = {3847B196-5899-4C1D-8715-1F379DC8F992}
	EndGlobalSection
EndGlobal
